
Microsoft Visual Studio Solution File, Format Version 12.00
# Visual Studio Version 16
VisualStudioVersion = 16.0.29613.14
MinimumVisualStudioVersion = 10.0.40219.1
Project("{FAE04EC0-301F-11D3-BF4B-00C04F79EFBC}") = "LinnworksTest", "LinnworksTest\LinnworksTest.csproj", "{248AF3A2-94E1-49DF-941B-458782B582B6}"
EndProject
Project("{FAE04EC0-301F-11D3-BF4B-00C04F79EFBC}") = "Client", "Client\Client.csproj", "{953A1ABF-1897-4113-BBDE-24AD9F35C74B}"
EndProject
Global
	GlobalSection(SolutionConfigurationPlatforms) = preSolution
		Debug|Any CPU = Debug|Any CPU
		Release|Any CPU = Release|Any CPU
	EndGlobalSection
	GlobalSection(ProjectConfigurationPlatforms) = postSolution
		{248AF3A2-94E1-49DF-941B-458782B582B6}.Debug|Any CPU.ActiveCfg = Debug|Any CPU
		{248AF3A2-94E1-49DF-941B-458782B582B6}.Debug|Any CPU.Build.0 = Debug|Any CPU
		{248AF3A2-94E1-49DF-941B-458782B582B6}.Release|Any CPU.ActiveCfg = Release|Any CPU
		{248AF3A2-94E1-49DF-941B-458782B582B6}.Release|Any CPU.Build.0 = Release|Any CPU
		{953A1ABF-1897-4113-BBDE-24AD9F35C74B}.Debug|Any CPU.ActiveCfg = Debug|Any CPU
		{953A1ABF-1897-4113-BBDE-24AD9F35C74B}.Debug|Any CPU.Build.0 = Debug|Any CPU
		{953A1ABF-1897-4113-BBDE-24AD9F35C74B}.Release|Any CPU.ActiveCfg = Release|Any CPU
		{953A1ABF-1897-4113-BBDE-24AD9F35C74B}.Release|Any CPU.Build.0 = Release|Any CPU
	EndGlobalSection
	GlobalSection(SolutionProperties) = preSolution
		HideSolutionNode = FALSE
	EndGlobalSection
	GlobalSection(ExtensibilityGlobals) = postSolution
		SolutionGuid = {49765275-24D7-496F-B318-ACFEC12182E9}
	EndGlobalSection
EndGlobal
